
Microsoft Visual Studio Solution File, Format Version 12.00
# Visual Studio Version 16
VisualStudioVersion = 16.0.30114.105
MinimumVisualStudioVersion = 10.0.40219.1
Project("{9A19103F-16F7-4668-BE54-9A1E7A4F7556}") = "QuantityMeasurementApi", "QuantityMeasurementApi\QuantityMeasurementApi.csproj", "{6D4745E5-0726-4EF2-93C5-4FD4952E0974}"
EndProject
Project("{9A19103F-16F7-4668-BE54-9A1E7A4F7556}") = "BusinessLayer", "BusinessLayer\BusinessLayer.csproj", "{1A37FD26-45A1-43A4-991B-07C3CA121D47}"
EndProject
Project("{9A19103F-16F7-4668-BE54-9A1E7A4F7556}") = "CommanLayer", "CommanLayer\CommanLayer.csproj", "{6045393E-C518-4728-B870-684E55DE08AE}"
EndProject
Project("{9A19103F-16F7-4668-BE54-9A1E7A4F7556}") = "RepositoryLayer", "RepositoryLayer\RepositoryLayer.csproj", "{7F45FE1B-0FA2-4548-A5E2-E86230B88BA3}"
EndProject
Project("{9A19103F-16F7-4668-BE54-9A1E7A4F7556}") = "QuantityMeasurementConvertTest", "QuantityMeasurementComparisonTest\QuantityMeasurementConvertTest.csproj", "{65F73C1C-5259-4137-9FA1-75D2A944B621}"
EndProject
Global
	GlobalSection(SolutionConfigurationPlatforms) = preSolution
		Debug|Any CPU = Debug|Any CPU
		Release|Any CPU = Release|Any CPU
	EndGlobalSection
	GlobalSection(ProjectConfigurationPlatforms) = postSolution
		{6D4745E5-0726-4EF2-93C5-4FD4952E0974}.Debug|Any CPU.ActiveCfg = Debug|Any CPU
		{6D4745E5-0726-4EF2-93C5-4FD4952E0974}.Debug|Any CPU.Build.0 = Debug|Any CPU
		{6D4745E5-0726-4EF2-93C5-4FD4952E0974}.Release|Any CPU.ActiveCfg = Release|Any CPU
		{6D4745E5-0726-4EF2-93C5-4FD4952E0974}.Release|Any CPU.Build.0 = Release|Any CPU
		{1A37FD26-45A1-43A4-991B-07C3CA121D47}.Debug|Any CPU.ActiveCfg = Debug|Any CPU
		{1A37FD26-45A1-43A4-991B-07C3CA121D47}.Debug|Any CPU.Build.0 = Debug|Any CPU
		{1A37FD26-45A1-43A4-991B-07C3CA121D47}.Release|Any CPU.ActiveCfg = Release|Any CPU
		{1A37FD26-45A1-43A4-991B-07C3CA121D47}.Release|Any CPU.Build.0 = Release|Any CPU
		{6045393E-C518-4728-B870-684E55DE08AE}.Debug|Any CPU.ActiveCfg = Debug|Any CPU
		{6045393E-C518-4728-B870-684E55DE08AE}.Debug|Any CPU.Build.0 = Debug|Any CPU
		{6045393E-C518-4728-B870-684E55DE08AE}.Release|Any CPU.ActiveCfg = Release|Any CPU
		{6045393E-C518-4728-B870-684E55DE08AE}.Release|Any CPU.Build.0 = Release|Any CPU
		{7F45FE1B-0FA2-4548-A5E2-E86230B88BA3}.Debug|Any CPU.ActiveCfg = Debug|Any CPU
		{7F45FE1B-0FA2-4548-A5E2-E86230B88BA3}.Debug|Any CPU.Build.0 = Debug|Any CPU
		{7F45FE1B-0FA2-4548-A5E2-E86230B88BA3}.Release|Any CPU.ActiveCfg = Release|Any CPU
		{7F45FE1B-0FA2-4548-A5E2-E86230B88BA3}.Release|Any CPU.Build.0 = Release|Any CPU
		{65F73C1C-5259-4137-9FA1-75D2A944B621}.Debug|Any CPU.ActiveCfg = Debug|Any CPU
		{65F73C1C-5259-4137-9FA1-75D2A944B621}.Debug|Any CPU.Build.0 = Debug|Any CPU
		{65F73C1C-5259-4137-9FA1-75D2A944B621}.Release|Any CPU.ActiveCfg = Release|Any CPU
		{65F73C1C-5259-4137-9FA1-75D2A944B621}.Release|Any CPU.Build.0 = Release|Any CPU
	EndGlobalSection
	GlobalSection(SolutionProperties) = preSolution
		HideSolutionNode = FALSE
	EndGlobalSection
	GlobalSection(ExtensibilityGlobals) = postSolution
		SolutionGuid = {57E7E55E-898E-4E07-9A8B-951E80BAD4E0}
	EndGlobalSection
EndGlobal
